
Microsoft Visual Studio Solution File, Format Version 12.00
# Visual Studio Version 17
VisualStudioVersion = 17.0.31903.59
MinimumVisualStudioVersion = 10.0.40219.1
Project("{FAE04EC0-301F-11D3-BF4B-00C04F79EFBC}") = "FastFood.web", "FastFood.web\FastFood.web.csproj", "{331B087A-B643-4863-9F26-C876D739A287}"
EndProject
Project("{FAE04EC0-301F-11D3-BF4B-00C04F79EFBC}") = "FastFood.Models", "FastFood.Models\FastFood.Models.csproj", "{5578DCF0-F4DF-4131-9269-A3E96BDED43C}"
EndProject
Project("{FAE04EC0-301F-11D3-BF4B-00C04F79EFBC}") = "FastFood.Repository", "FastFood.Repository\FastFood.Repository.csproj", "{A1C3E13D-5101-49F9-9882-4B3039738370}"
EndProject
Project("{FAE04EC0-301F-11D3-BF4B-00C04F79EFBC}") = "FastFood.Services", "FastFood.Services\FastFood.Services.csproj", "{BFA17D47-6AE6-49BC-ADCB-73E258B39F99}"
EndProject
Global
	GlobalSection(SolutionConfigurationPlatforms) = preSolution
		Debug|Any CPU = Debug|Any CPU
		Release|Any CPU = Release|Any CPU
	EndGlobalSection
	GlobalSection(ProjectConfigurationPlatforms) = postSolution
		{331B087A-B643-4863-9F26-C876D739A287}.Debug|Any CPU.ActiveCfg = Debug|Any CPU
		{331B087A-B643-4863-9F26-C876D739A287}.Debug|Any CPU.Build.0 = Debug|Any CPU
		{331B087A-B643-4863-9F26-C876D739A287}.Release|Any CPU.ActiveCfg = Release|Any CPU
		{331B087A-B643-4863-9F26-C876D739A287}.Release|Any CPU.Build.0 = Release|Any CPU
		{5578DCF0-F4DF-4131-9269-A3E96BDED43C}.Debug|Any CPU.ActiveCfg = Debug|Any CPU
		{5578DCF0-F4DF-4131-9269-A3E96BDED43C}.Debug|Any CPU.Build.0 = Debug|Any CPU
		{5578DCF0-F4DF-4131-9269-A3E96BDED43C}.Release|Any CPU.ActiveCfg = Release|Any CPU
		{5578DCF0-F4DF-4131-9269-A3E96BDED43C}.Release|Any CPU.Build.0 = Release|Any CPU
		{A1C3E13D-5101-49F9-9882-4B3039738370}.Debug|Any CPU.ActiveCfg = Debug|Any CPU
		{A1C3E13D-5101-49F9-9882-4B3039738370}.Debug|Any CPU.Build.0 = Debug|Any CPU
		{A1C3E13D-5101-49F9-9882-4B3039738370}.Release|Any CPU.ActiveCfg = Release|Any CPU
		{A1C3E13D-5101-49F9-9882-4B3039738370}.Release|Any CPU.Build.0 = Release|Any CPU
		{BFA17D47-6AE6-49BC-ADCB-73E258B39F99}.Debug|Any CPU.ActiveCfg = Debug|Any CPU
		{BFA17D47-6AE6-49BC-ADCB-73E258B39F99}.Debug|Any CPU.Build.0 = Debug|Any CPU
		{BFA17D47-6AE6-49BC-ADCB-73E258B39F99}.Release|Any CPU.ActiveCfg = Release|Any CPU
		{BFA17D47-6AE6-49BC-ADCB-73E258B39F99}.Release|Any CPU.Build.0 = Release|Any CPU
	EndGlobalSection
	GlobalSection(SolutionProperties) = preSolution
		HideSolutionNode = FALSE
	EndGlobalSection
EndGlobal
